
Microsoft Visual Studio Solution File, Format Version 12.00
# Visual Studio Version 17
VisualStudioVersion = 17.11.35312.102
MinimumVisualStudioVersion = 10.0.40219.1
Project("{8BC9CEB8-8B4A-11D0-8D11-00A0C91BC942}") = "prrrrrrrodgect", "prrrrrrrodgect\prrrrrrrodgect.vcxproj", "{DC91FD0B-414B-44F5-B9DE-FB3B63E4BFD2}"
EndProject
Global
	GlobalSection(SolutionConfigurationPlatforms) = preSolution
		Debug|x64 = Debug|x64
		Debug|x86 = Debug|x86
		Release|x64 = Release|x64
		Release|x86 = Release|x86
	EndGlobalSection
	GlobalSection(ProjectConfigurationPlatforms) = postSolution
		{DC91FD0B-414B-44F5-B9DE-FB3B63E4BFD2}.Debug|x64.ActiveCfg = Debug|x64
		{DC91FD0B-414B-44F5-B9DE-FB3B63E4BFD2}.Debug|x64.Build.0 = Debug|x64
		{DC91FD0B-414B-44F5-B9DE-FB3B63E4BFD2}.Debug|x86.ActiveCfg = Debug|Win32
		{DC91FD0B-414B-44F5-B9DE-FB3B63E4BFD2}.Debug|x86.Build.0 = Debug|Win32
		{DC91FD0B-414B-44F5-B9DE-FB3B63E4BFD2}.Release|x64.ActiveCfg = Release|x64
		{DC91FD0B-414B-44F5-B9DE-FB3B63E4BFD2}.Release|x64.Build.0 = Release|x64
		{DC91FD0B-414B-44F5-B9DE-FB3B63E4BFD2}.Release|x86.ActiveCfg = Release|Win32
		{DC91FD0B-414B-44F5-B9DE-FB3B63E4BFD2}.Release|x86.Build.0 = Release|Win32
	EndGlobalSection
	GlobalSection(SolutionProperties) = preSolution
		HideSolutionNode = FALSE
	EndGlobalSection
	GlobalSection(ExtensibilityGlobals) = postSolution
		SolutionGuid = {9066016C-AC75-49BA-9911-794FA2250C19}
	EndGlobalSection
EndGlobal
